// !$*UTF8*$!
{
	archiveVersion = 1;
	classes = {
	};
	objectVersion = 46;
	objects = {

/* Begin PBXBuildFile section */
		8E1AFF711BC417A5003A538F /* main.m in Sources */ = {isa = PBXBuildFile; fileRef = 8E1AFF701BC417A5003A538F /* main.m */; };
		8E1AFF741BC417A5003A538F /* AppDelegate.m in Sources */ = {isa = PBXBuildFile; fileRef = 8E1AFF731BC417A5003A538F /* AppDelegate.m */; };
		8E1AFF7A1BC417A5003A538F /* Main.storyboard in Resources */ = {isa = PBXBuildFile; fileRef = 8E1AFF781BC417A5003A538F /* Main.storyboard */; };
		8E1AFF7C1BC417A5003A538F /* Assets.xcassets in Resources */ = {isa = PBXBuildFile; fileRef = 8E1AFF7B1BC417A5003A538F /* Assets.xcassets */; };
		8E1AFF7F1BC417A5003A538F /* LaunchScreen.storyboard in Resources */ = {isa = PBXBuildFile; fileRef = 8E1AFF7D1BC417A5003A538F /* LaunchScreen.storyboard */; };
		8E1AFF881BC41B20003A538F /* FeedViewController.m in Sources */ = {isa = PBXBuildFile; fileRef = 8E1AFF871BC41B20003A538F /* FeedViewController.m */; settings = {ASSET_TAGS = (); }; };
		8E1AFF8C1BC41C0B003A538F /* FeedViewControllerCell.m in Sources */ = {isa = PBXBuildFile; fileRef = 8E1AFF8B1BC41C0B003A538F /* FeedViewControllerCell.m */; settings = {ASSET_TAGS = (); }; };
		8E1AFF901BC42BE7003A538F /* UIColor+ColorPalette.m in Sources */ = {isa = PBXBuildFile; fileRef = 8E1AFF8F1BC42BE7003A538F /* UIColor+ColorPalette.m */; settings = {ASSET_TAGS = (); }; };
		8E1AFF941BC43732003A538F /* User.m in Sources */ = {isa = PBXBuildFile; fileRef = 8E1AFF931BC43732003A538F /* User.m */; settings = {ASSET_TAGS = (); }; };
		8E1AFF981BC43814003A538F /* NetworkService.m in Sources */ = {isa = PBXBuildFile; fileRef = 8E1AFF971BC43814003A538F /* NetworkService.m */; settings = {ASSET_TAGS = (); }; };
		8E1AFF9B1BC4382F003A538F /* DataManager.m in Sources */ = {isa = PBXBuildFile; fileRef = 8E1AFF9A1BC4382F003A538F /* DataManager.m */; settings = {ASSET_TAGS = (); }; };
		8E1AFF9F1BC44FE3003A538F /* StackViewController.m in Sources */ = {isa = PBXBuildFile; fileRef = 8E1AFF9E1BC44FE3003A538F /* StackViewController.m */; settings = {ASSET_TAGS = (); }; };
		8E1AFFA21BC45082003A538F /* StackCell.m in Sources */ = {isa = PBXBuildFile; fileRef = 8E1AFFA11BC45082003A538F /* StackCell.m */; settings = {ASSET_TAGS = (); }; };
		8E1AFFA51BC4624C003A538F /* ColorQueue.m in Sources */ = {isa = PBXBuildFile; fileRef = 8E1AFFA41BC4624C003A538F /* ColorQueue.m */; settings = {ASSET_TAGS = (); }; };
		8E1AFFA81BC46769003A538F /* ThinlineButton.m in Sources */ = {isa = PBXBuildFile; fileRef = 8E1AFFA71BC46769003A538F /* ThinlineButton.m */; settings = {ASSET_TAGS = (); }; };
		8E1AFFAC1BC46F9C003A538F /* UserViewController.m in Sources */ = {isa = PBXBuildFile; fileRef = 8E1AFFAB1BC46F9C003A538F /* UserViewController.m */; settings = {ASSET_TAGS = (); }; };
		8E1AFFB01BC476E8003A538F /* PostViewController.m in Sources */ = {isa = PBXBuildFile; fileRef = 8E1AFFAF1BC476E8003A538F /* PostViewController.m */; settings = {ASSET_TAGS = (); }; };
/* End PBXBuildFile section */

/* Begin PBXFileReference section */
		8E1AFF6C1BC417A5003A538F /* StackProto.app */ = {isa = PBXFileReference; explicitFileType = wrapper.application; includeInIndex = 0; path = StackProto.app; sourceTree = BUILT_PRODUCTS_DIR; };
		8E1AFF701BC417A5003A538F /* main.m */ = {isa = PBXFileReference; lastKnownFileType = sourcecode.c.objc; path = main.m; sourceTree = "<group>"; };
		8E1AFF721BC417A5003A538F /* AppDelegate.h */ = {isa = PBXFileReference; lastKnownFileType = sourcecode.c.h; path = AppDelegate.h; sourceTree = "<group>"; };
		8E1AFF731BC417A5003A538F /* AppDelegate.m */ = {isa = PBXFileReference; lastKnownFileType = sourcecode.c.objc; path = AppDelegate.m; sourceTree = "<group>"; };
		8E1AFF791BC417A5003A538F /* Base */ = {isa = PBXFileReference; lastKnownFileType = file.storyboard; name = Base; path = Base.lproj/Main.storyboard; sourceTree = "<group>"; };
		8E1AFF7B1BC417A5003A538F /* Assets.xcassets */ = {isa = PBXFileReference; lastKnownFileType = folder.assetcatalog; path = Assets.xcassets; sourceTree = "<group>"; };
		8E1AFF7E1BC417A5003A538F /* Base */ = {isa = PBXFileReference; lastKnownFileType = file.storyboard; name = Base; path = Base.lproj/LaunchScreen.storyboard; sourceTree = "<group>"; };
		8E1AFF801BC417A5003A538F /* Info.plist */ = {isa = PBXFileReference; lastKnownFileType = text.plist.xml; path = Info.plist; sourceTree = "<group>"; };
		8E1AFF861BC41B20003A538F /* FeedViewController.h */ = {isa = PBXFileReference; fileEncoding = 4; lastKnownFileType = sourcecode.c.h; path = FeedViewController.h; sourceTree = "<group>"; };
		8E1AFF871BC41B20003A538F /* FeedViewController.m */ = {isa = PBXFileReference; fileEncoding = 4; lastKnownFileType = sourcecode.c.objc; path = FeedViewController.m; sourceTree = "<group>"; };
		8E1AFF8A1BC41C0B003A538F /* FeedViewControllerCell.h */ = {isa = PBXFileReference; fileEncoding = 4; lastKnownFileType = sourcecode.c.h; path = FeedViewControllerCell.h; sourceTree = "<group>"; };
		8E1AFF8B1BC41C0B003A538F /* FeedViewControllerCell.m */ = {isa = PBXFileReference; fileEncoding = 4; lastKnownFileType = sourcecode.c.objc; path = FeedViewControllerCell.m; sourceTree = "<group>"; };
		8E1AFF8E1BC42BE7003A538F /* UIColor+ColorPalette.h */ = {isa = PBXFileReference; fileEncoding = 4; lastKnownFileType = sourcecode.c.h; path = "UIColor+ColorPalette.h"; sourceTree = "<group>"; };
		8E1AFF8F1BC42BE7003A538F /* UIColor+ColorPalette.m */ = {isa = PBXFileReference; fileEncoding = 4; lastKnownFileType = sourcecode.c.objc; path = "UIColor+ColorPalette.m"; sourceTree = "<group>"; };
		8E1AFF921BC43732003A538F /* User.h */ = {isa = PBXFileReference; fileEncoding = 4; lastKnownFileType = sourcecode.c.h; path = User.h; sourceTree = "<group>"; };
		8E1AFF931BC43732003A538F /* User.m */ = {isa = PBXFileReference; fileEncoding = 4; lastKnownFileType = sourcecode.c.objc; path = User.m; sourceTree = "<group>"; };
		8E1AFF961BC43814003A538F /* NetworkService.h */ = {isa = PBXFileReference; fileEncoding = 4; lastKnownFileType = sourcecode.c.h; path = NetworkService.h; sourceTree = "<group>"; };
		8E1AFF971BC43814003A538F /* NetworkService.m */ = {isa = PBXFileReference; fileEncoding = 4; lastKnownFileType = sourcecode.c.objc; path = NetworkService.m; sourceTree = "<group>"; };
		8E1AFF991BC4382F003A538F /* DataManager.h */ = {isa = PBXFileReference; fileEncoding = 4; lastKnownFileType = sourcecode.c.h; path = DataManager.h; sourceTree = "<group>"; };
		8E1AFF9A1BC4382F003A538F /* DataManager.m */ = {isa = PBXFileReference; fileEncoding = 4; lastKnownFileType = sourcecode.c.objc; path = DataManager.m; sourceTree = "<group>"; };
		8E1AFF9D1BC44FE3003A538F /* StackViewController.h */ = {isa = PBXFileReference; fileEncoding = 4; lastKnownFileType = sourcecode.c.h; path = StackViewController.h; sourceTree = "<group>"; };
		8E1AFF9E1BC44FE3003A538F /* StackViewController.m */ = {isa = PBXFileReference; fileEncoding = 4; lastKnownFileType = sourcecode.c.objc; path = StackViewController.m; sourceTree = "<group>"; };
		8E1AFFA01BC45082003A538F /* StackCell.h */ = {isa = PBXFileReference; fileEncoding = 4; lastKnownFileType = sourcecode.c.h; path = StackCell.h; sourceTree = "<group>"; };
		8E1AFFA11BC45082003A538F /* StackCell.m */ = {isa = PBXFileReference; fileEncoding = 4; lastKnownFileType = sourcecode.c.objc; path = StackCell.m; sourceTree = "<group>"; };
		8E1AFFA31BC4624C003A538F /* ColorQueue.h */ = {isa = PBXFileReference; fileEncoding = 4; lastKnownFileType = sourcecode.c.h; path = ColorQueue.h; sourceTree = "<group>"; };
		8E1AFFA41BC4624C003A538F /* ColorQueue.m */ = {isa = PBXFileReference; fileEncoding = 4; lastKnownFileType = sourcecode.c.objc; path = ColorQueue.m; sourceTree = "<group>"; };
		8E1AFFA61BC46769003A538F /* ThinlineButton.h */ = {isa = PBXFileReference; fileEncoding = 4; lastKnownFileType = sourcecode.c.h; path = ThinlineButton.h; sourceTree = "<group>"; };
		8E1AFFA71BC46769003A538F /* ThinlineButton.m */ = {isa = PBXFileReference; fileEncoding = 4; lastKnownFileType = sourcecode.c.objc; path = ThinlineButton.m; sourceTree = "<group>"; };
		8E1AFFAA1BC46F9C003A538F /* UserViewController.h */ = {isa = PBXFileReference; fileEncoding = 4; lastKnownFileType = sourcecode.c.h; path = UserViewController.h; sourceTree = "<group>"; };
		8E1AFFAB1BC46F9C003A538F /* UserViewController.m */ = {isa = PBXFileReference; fileEncoding = 4; lastKnownFileType = sourcecode.c.objc; path = UserViewController.m; sourceTree = "<group>"; };
		8E1AFFAE1BC476E8003A538F /* PostViewController.h */ = {isa = PBXFileReference; fileEncoding = 4; lastKnownFileType = sourcecode.c.h; path = PostViewController.h; sourceTree = "<group>"; };
		8E1AFFAF1BC476E8003A538F /* PostViewController.m */ = {isa = PBXFileReference; fileEncoding = 4; lastKnownFileType = sourcecode.c.objc; path = PostViewController.m; sourceTree = "<group>"; };
/* End PBXFileReference section */

/* Begin PBXFrameworksBuildPhase section */
		8E1AFF691BC417A5003A538F /* Frameworks */ = {
			isa = PBXFrameworksBuildPhase;
			buildActionMask = 2147483647;
			files = (
			);
			runOnlyForDeploymentPostprocessing = 0;
		};
/* End PBXFrameworksBuildPhase section */

/* Begin PBXGroup section */
		8E1AFF631BC417A5003A538F = {
			isa = PBXGroup;
			children = (
				8E1AFF6E1BC417A5003A538F /* StackProto */,
				8E1AFF6D1BC417A5003A538F /* Products */,
			);
			sourceTree = "<group>";
		};
		8E1AFF6D1BC417A5003A538F /* Products */ = {
			isa = PBXGroup;
			children = (
				8E1AFF6C1BC417A5003A538F /* StackProto.app */,
			);
			name = Products;
			sourceTree = "<group>";
		};
		8E1AFF6E1BC417A5003A538F /* StackProto */ = {
			isa = PBXGroup;
			children = (
				8E1AFF721BC417A5003A538F /* AppDelegate.h */,
				8E1AFF731BC417A5003A538F /* AppDelegate.m */,
				8E1AFF951BC437C5003A538F /* Networking */,
				8E1AFF911BC43723003A538F /* Model */,
				8E1AFFA91BC46F7C003A538F /* User */,
				8E1AFF8D1BC42968003A538F /* Utilities */,
				8E1AFF891BC41BED003A538F /* Feed */,
				8E1AFF9C1BC44FAA003A538F /* Stack */,
				8E1AFFAD1BC476B5003A538F /* Post */,
				8E1AFF781BC417A5003A538F /* Main.storyboard */,
				8E1AFF7B1BC417A5003A538F /* Assets.xcassets */,
				8E1AFF7D1BC417A5003A538F /* LaunchScreen.storyboard */,
				8E1AFF801BC417A5003A538F /* Info.plist */,
				8E1AFF6F1BC417A5003A538F /* Supporting Files */,
			);
			path = StackProto;
			sourceTree = "<group>";
		};
		8E1AFF6F1BC417A5003A538F /* Supporting Files */ = {
			isa = PBXGroup;
			children = (
				8E1AFF701BC417A5003A538F /* main.m */,
			);
			name = "Supporting Files";
			sourceTree = "<group>";
		};
		8E1AFF891BC41BED003A538F /* Feed */ = {
			isa = PBXGroup;
			children = (
				8E1AFF861BC41B20003A538F /* FeedViewController.h */,
				8E1AFF871BC41B20003A538F /* FeedViewController.m */,
				8E1AFF8A1BC41C0B003A538F /* FeedViewControllerCell.h */,
				8E1AFF8B1BC41C0B003A538F /* FeedViewControllerCell.m */,
				8E1AFFA61BC46769003A538F /* ThinlineButton.h */,
				8E1AFFA71BC46769003A538F /* ThinlineButton.m */,
			);
			name = Feed;
			sourceTree = "<group>";
		};
		8E1AFF8D1BC42968003A538F /* Utilities */ = {
			isa = PBXGroup;
			children = (
				8E1AFFA31BC4624C003A538F /* ColorQueue.h */,
				8E1AFFA41BC4624C003A538F /* ColorQueue.m */,
				8E1AFF8E1BC42BE7003A538F /* UIColor+ColorPalette.h */,
				8E1AFF8F1BC42BE7003A538F /* UIColor+ColorPalette.m */,
			);
			name = Utilities;
			sourceTree = "<group>";
		};
		8E1AFF911BC43723003A538F /* Model */ = {
			isa = PBXGroup;
			children = (
				8E1AFF921BC43732003A538F /* User.h */,
				8E1AFF931BC43732003A538F /* User.m */,
				8E1AFF991BC4382F003A538F /* DataManager.h */,
				8E1AFF9A1BC4382F003A538F /* DataManager.m */,
			);
			name = Model;
			sourceTree = "<group>";
		};
		8E1AFF951BC437C5003A538F /* Networking */ = {
			isa = PBXGroup;
			children = (
				8E1AFF961BC43814003A538F /* NetworkService.h */,
				8E1AFF971BC43814003A538F /* NetworkService.m */,
			);
			name = Networking;
			sourceTree = "<group>";
		};
		8E1AFF9C1BC44FAA003A538F /* Stack */ = {
			isa = PBXGroup;
			children = (
				8E1AFF9D1BC44FE3003A538F /* StackViewController.h */,
				8E1AFF9E1BC44FE3003A538F /* StackViewController.m */,
				8E1AFFA01BC45082003A538F /* StackCell.h */,
				8E1AFFA11BC45082003A538F /* StackCell.m */,
			);
			name = Stack;
			sourceTree = "<group>";
		};
		8E1AFFA91BC46F7C003A538F /* User */ = {
			isa = PBXGroup;
			children = (
				8E1AFFAA1BC46F9C003A538F /* UserViewController.h */,
				8E1AFFAB1BC46F9C003A538F /* UserViewController.m */,
			);
			name = User;
			sourceTree = "<group>";
		};
		8E1AFFAD1BC476B5003A538F /* Post */ = {
			isa = PBXGroup;
			children = (
				8E1AFFAE1BC476E8003A538F /* PostViewController.h */,
				8E1AFFAF1BC476E8003A538F /* PostViewController.m */,
			);
			name = Post;
			sourceTree = "<group>";
		};
/* End PBXGroup section */

/* Begin PBXNativeTarget section */
		8E1AFF6B1BC417A5003A538F /* StackProto */ = {
			isa = PBXNativeTarget;
			buildConfigurationList = 8E1AFF831BC417A5003A538F /* Build configuration list for PBXNativeTarget "StackProto" */;
			buildPhases = (
				8E1AFF681BC417A5003A538F /* Sources */,
				8E1AFF691BC417A5003A538F /* Frameworks */,
				8E1AFF6A1BC417A5003A538F /* Resources */,
			);
			buildRules = (
			);
			dependencies = (
			);
			name = StackProto;
			productName = StackProto;
			productReference = 8E1AFF6C1BC417A5003A538F /* StackProto.app */;
			productType = "com.apple.product-type.application";
		};
/* End PBXNativeTarget section */

/* Begin PBXProject section */
		8E1AFF641BC417A5003A538F /* Project object */ = {
			isa = PBXProject;
			attributes = {
				LastUpgradeCheck = 0700;
				ORGANIZATIONNAME = "Daniel Rakhamimov";
				TargetAttributes = {
					8E1AFF6B1BC417A5003A538F = {
						CreatedOnToolsVersion = 7.0.1;
					};
				};
			};
			buildConfigurationList = 8E1AFF671BC417A5003A538F /* Build configuration list for PBXProject "StackProto" */;
			compatibilityVersion = "Xcode 3.2";
			developmentRegion = English;
			hasScannedForEncodings = 0;
			knownRegions = (
				en,
				Base,
			);
			mainGroup = 8E1AFF631BC417A5003A538F;
			productRefGroup = 8E1AFF6D1BC417A5003A538F /* Products */;
			projectDirPath = "";
			projectRoot = "";
			targets = (
				8E1AFF6B1BC417A5003A538F /* StackProto */,
			);
		};
/* End PBXProject section */

/* Begin PBXResourcesBuildPhase section */
		8E1AFF6A1BC417A5003A538F /* Resources */ = {
			isa = PBXResourcesBuildPhase;
			buildActionMask = 2147483647;
			files = (
				8E1AFF7F1BC417A5003A538F /* LaunchScreen.storyboard in Resources */,
				8E1AFF7C1BC417A5003A538F /* Assets.xcassets in Resources */,
				8E1AFF7A1BC417A5003A538F /* Main.storyboard in Resources */,
			);
			runOnlyForDeploymentPostprocessing = 0;
		};
/* End PBXResourcesBuildPhase section */

/* Begin PBXSourcesBuildPhase section */
		8E1AFF681BC417A5003A538F /* Sources */ = {
			isa = PBXSourcesBuildPhase;
			buildActionMask = 2147483647;
			files = (
				8E1AFFB01BC476E8003A538F /* PostViewController.m in Sources */,
				8E1AFF741BC417A5003A538F /* AppDelegate.m in Sources */,
				8E1AFF9F1BC44FE3003A538F /* StackViewController.m in Sources */,
				8E1AFF901BC42BE7003A538F /* UIColor+ColorPalette.m in Sources */,
				8E1AFF941BC43732003A538F /* User.m in Sources */,
				8E1AFFA51BC4624C003A538F /* ColorQueue.m in Sources */,
				8E1AFF881BC41B20003A538F /* FeedViewController.m in Sources */,
				8E1AFF8C1BC41C0B003A538F /* FeedViewControllerCell.m in Sources */,
				8E1AFF9B1BC4382F003A538F /* DataManager.m in Sources */,
				8E1AFF981BC43814003A538F /* NetworkService.m in Sources */,
				8E1AFFA21BC45082003A538F /* StackCell.m in Sources */,
				8E1AFFA81BC46769003A538F /* ThinlineButton.m in Sources */,
				8E1AFFAC1BC46F9C003A538F /* UserViewController.m in Sources */,
				8E1AFF711BC417A5003A538F /* main.m in Sources */,
			);
			runOnlyForDeploymentPostprocessing = 0;
		};
/* End PBXSourcesBuildPhase section */

/* Begin PBXVariantGroup section */
		8E1AFF781BC417A5003A538F /* Main.storyboard */ = {
			isa = PBXVariantGroup;
			children = (
				8E1AFF791BC417A5003A538F /* Base */,
			);
			name = Main.storyboard;
			sourceTree = "<group>";
		};
		8E1AFF7D1BC417A5003A538F /* LaunchScreen.storyboard */ = {
			isa = PBXVariantGroup;
			children = (
				8E1AFF7E1BC417A5003A538F /* Base */,
			);
			name = LaunchScreen.storyboard;
			sourceTree = "<group>";
		};
/* End PBXVariantGroup section */

/* Begin XCBuildConfiguration section */
		8E1AFF811BC417A5003A538F /* Debug */ = {
			isa = XCBuildConfiguration;
			buildSettings = {
				ALWAYS_SEARCH_USER_PATHS = NO;
				CLANG_CXX_LANGUAGE_STANDARD = "gnu++0x";
				CLANG_CXX_LIBRARY = "libc++";
				CLANG_ENABLE_MODULES = YES;
				CLANG_ENABLE_OBJC_ARC = YES;
				CLANG_WARN_BOOL_CONVERSION = YES;
				CLANG_WARN_CONSTANT_CONVERSION = YES;
				CLANG_WARN_DIRECT_OBJC_ISA_USAGE = YES_ERROR;
				CLANG_WARN_EMPTY_BODY = YES;
				CLANG_WARN_ENUM_CONVERSION = YES;
				CLANG_WARN_INT_CONVERSION = YES;
				CLANG_WARN_OBJC_ROOT_CLASS = YES_ERROR;
				CLANG_WARN_UNREACHABLE_CODE = YES;
				CLANG_WARN__DUPLICATE_METHOD_MATCH = YES;
				"CODE_SIGN_IDENTITY[sdk=iphoneos*]" = "iPhone Developer";
				COPY_PHASE_STRIP = NO;
				DEBUG_INFORMATION_FORMAT = dwarf;
				ENABLE_STRICT_OBJC_MSGSEND = YES;
				ENABLE_TESTABILITY = YES;
				GCC_C_LANGUAGE_STANDARD = gnu99;
				GCC_DYNAMIC_NO_PIC = NO;
				GCC_NO_COMMON_BLOCKS = YES;
				GCC_OPTIMIZATION_LEVEL = 0;
				GCC_PREPROCESSOR_DEFINITIONS = (
					"DEBUG=1",
					"$(inherited)",
				);
				GCC_WARN_64_TO_32_BIT_CONVERSION = YES;
				GCC_WARN_ABOUT_RETURN_TYPE = YES_ERROR;
				GCC_WARN_UNDECLARED_SELECTOR = YES;
				GCC_WARN_UNINITIALIZED_AUTOS = YES_AGGRESSIVE;
				GCC_WARN_UNUSED_FUNCTION = YES;
				GCC_WARN_UNUSED_VARIABLE = YES;
				IPHONEOS_DEPLOYMENT_TARGET = 9.0;
				MTL_ENABLE_DEBUG_INFO = YES;
				ONLY_ACTIVE_ARCH = YES;
				SDKROOT = iphoneos;
			};
			name = Debug;
		};
		8E1AFF821BC417A5003A538F /* Release */ = {
			isa = XCBuildConfiguration;
			buildSettings = {
				ALWAYS_SEARCH_USER_PATHS = NO;
				CLANG_CXX_LANGUAGE_STANDARD = "gnu++0x";
				CLANG_CXX_LIBRARY = "libc++";
				CLANG_ENABLE_MODULES = YES;
				CLANG_ENABLE_OBJC_ARC = YES;
				CLANG_WARN_BOOL_CONVERSION = YES;
				CLANG_WARN_CONSTANT_CONVERSION = YES;
				CLANG_WARN_DIRECT_OBJC_ISA_USAGE = YES_ERROR;
				CLANG_WARN_EMPTY_BODY = YES;
				CLANG_WARN_ENUM_CONVERSION = YES;
				CLANG_WARN_INT_CONVERSION = YES;
				CLANG_WARN_OBJC_ROOT_CLASS = YES_ERROR;
				CLANG_WARN_UNREACHABLE_CODE = YES;
				CLANG_WARN__DUPLICATE_METHOD_MATCH = YES;
				"CODE_SIGN_IDENTITY[sdk=iphoneos*]" = "iPhone Developer";
				COPY_PHASE_STRIP = NO;
				DEBUG_INFORMATION_FORMAT = "dwarf-with-dsym";
				ENABLE_NS_ASSERTIONS = NO;
				ENABLE_STRICT_OBJC_MSGSEND = YES;
				GCC_C_LANGUAGE_STANDARD = gnu99;
				GCC_NO_COMMON_BLOCKS = YES;
				GCC_WARN_64_TO_32_BIT_CONVERSION = YES;
				GCC_WARN_ABOUT_RETURN_TYPE = YES_ERROR;
				GCC_WARN_UNDECLARED_SELECTOR = YES;
				GCC_WARN_UNINITIALIZED_AUTOS = YES_AGGRESSIVE;
				GCC_WARN_UNUSED_FUNCTION = YES;
				GCC_WARN_UNUSED_VARIABLE = YES;
				IPHONEOS_DEPLOYMENT_TARGET = 9.0;
				MTL_ENABLE_DEBUG_INFO = NO;
				SDKROOT = iphoneos;
				VALIDATE_PRODUCT = YES;
			};
			name = Release;
		};
		8E1AFF841BC417A5003A538F /* Debug */ = {
			isa = XCBuildConfiguration;
			buildSettings = {
				ASSETCATALOG_COMPILER_APPICON_NAME = AppIcon;
				INFOPLIST_FILE = StackProto/Info.plist;
				LD_RUNPATH_SEARCH_PATHS = "$(inherited) @executable_path/Frameworks";
				PRODUCT_BUNDLE_IDENTIFIER = com.DanielRakhamimov.StackProto;
				PRODUCT_NAME = "$(TARGET_NAME)";
			};
			name = Debug;
		};
		8E1AFF851BC417A5003A538F /* Release */ = {
			isa = XCBuildConfiguration;
			buildSettings = {
				ASSETCATALOG_COMPILER_APPICON_NAME = AppIcon;
				INFOPLIST_FILE = StackProto/Info.plist;
				LD_RUNPATH_SEARCH_PATHS = "$(inherited) @executable_path/Frameworks";
				PRODUCT_BUNDLE_IDENTIFIER = com.DanielRakhamimov.StackProto;
				PRODUCT_NAME = "$(TARGET_NAME)";
			};
			name = Release;
		};
/* End XCBuildConfiguration section */

/* Begin XCConfigurationList section */
		8E1AFF671BC417A5003A538F /* Build configuration list for PBXProject "StackProto" */ = {
			isa = XCConfigurationList;
			buildConfigurations = (
				8E1AFF811BC417A5003A538F /* Debug */,
				8E1AFF821BC417A5003A538F /* Release */,
			);
			defaultConfigurationIsVisible = 0;
			defaultConfigurationName = Release;
		};
		8E1AFF831BC417A5003A538F /* Build configuration list for PBXNativeTarget "StackProto" */ = {
			isa = XCConfigurationList;
			buildConfigurations = (
				8E1AFF841BC417A5003A538F /* Debug */,
				8E1AFF851BC417A5003A538F /* Release */,
			);
			defaultConfigurationIsVisible = 0;
			defaultConfigurationName = Release;
		};
/* End XCConfigurationList section */
	};
	rootObject = 8E1AFF641BC417A5003A538F /* Project object */;
}
